// !$*UTF8*$!
{
	archiveVersion = 1;
	classes = {
	};
	objectVersion = 52;
	objects = {

/* Begin PBXBuildFile section */
		55CD36E42450947F0074060B /* AppDelegate.swift in Sources */ = {isa = PBXBuildFile; fileRef = 55CD36E32450947F0074060B /* AppDelegate.swift */; };
		55CD36E62450947F0074060B /* SceneDelegate.swift in Sources */ = {isa = PBXBuildFile; fileRef = 55CD36E52450947F0074060B /* SceneDelegate.swift */; };
		55CD36E82450947F0074060B /* GameDetail.swift in Sources */ = {isa = PBXBuildFile; fileRef = 55CD36E72450947F0074060B /* GameDetail.swift */; };
		55CD36EA245094830074060B /* Assets.xcassets in Resources */ = {isa = PBXBuildFile; fileRef = 55CD36E9245094830074060B /* Assets.xcassets */; };
		55CD36ED245094830074060B /* Preview Assets.xcassets in Resources */ = {isa = PBXBuildFile; fileRef = 55CD36EC245094830074060B /* Preview Assets.xcassets */; };
		55CD36F0245094830074060B /* LaunchScreen.storyboard in Resources */ = {isa = PBXBuildFile; fileRef = 55CD36EE245094830074060B /* LaunchScreen.storyboard */; };
		55CD36F924509A430074060B /* URLImage in Frameworks */ = {isa = PBXBuildFile; productRef = 55CD36F824509A430074060B /* URLImage */; };
		55CD37032450A2570074060B /* Game.swift in Sources */ = {isa = PBXBuildFile; fileRef = 55CD37022450A2570074060B /* Game.swift */; };
		55CD37062450A7F40074060B /* gameData.json in Resources */ = {isa = PBXBuildFile; fileRef = 55CD37052450A7F40074060B /* gameData.json */; };
		55CD37082450A87F0074060B /* GameRow.swift in Sources */ = {isa = PBXBuildFile; fileRef = 55CD37072450A87F0074060B /* GameRow.swift */; };
		55CD370A2450AC460074060B /* Data.swift in Sources */ = {isa = PBXBuildFile; fileRef = 55CD37092450AC460074060B /* Data.swift */; };
		55CD370C2450AF3D0074060B /* GameList.swift in Sources */ = {isa = PBXBuildFile; fileRef = 55CD370B2450AF3D0074060B /* GameList.swift */; };
		55CD370E2450B81F0074060B /* Profile.swift in Sources */ = {isa = PBXBuildFile; fileRef = 55CD370D2450B81F0074060B /* Profile.swift */; };
/* End PBXBuildFile section */

/* Begin PBXFileReference section */
		55CD36E02450947F0074060B /* MyGames.app */ = {isa = PBXFileReference; explicitFileType = wrapper.application; includeInIndex = 0; path = MyGames.app; sourceTree = BUILT_PRODUCTS_DIR; };
		55CD36E32450947F0074060B /* AppDelegate.swift */ = {isa = PBXFileReference; lastKnownFileType = sourcecode.swift; path = AppDelegate.swift; sourceTree = "<group>"; };
		55CD36E52450947F0074060B /* SceneDelegate.swift */ = {isa = PBXFileReference; lastKnownFileType = sourcecode.swift; path = SceneDelegate.swift; sourceTree = "<group>"; };
		55CD36E72450947F0074060B /* GameDetail.swift */ = {isa = PBXFileReference; lastKnownFileType = sourcecode.swift; path = GameDetail.swift; sourceTree = "<group>"; };
		55CD36E9245094830074060B /* Assets.xcassets */ = {isa = PBXFileReference; lastKnownFileType = folder.assetcatalog; path = Assets.xcassets; sourceTree = "<group>"; };
		55CD36EC245094830074060B /* Preview Assets.xcassets */ = {isa = PBXFileReference; lastKnownFileType = folder.assetcatalog; path = "Preview Assets.xcassets"; sourceTree = "<group>"; };
		55CD36EF245094830074060B /* Base */ = {isa = PBXFileReference; lastKnownFileType = file.storyboard; name = Base; path = Base.lproj/LaunchScreen.storyboard; sourceTree = "<group>"; };
		55CD36F1245094830074060B /* Info.plist */ = {isa = PBXFileReference; lastKnownFileType = text.plist.xml; path = Info.plist; sourceTree = "<group>"; };
		55CD37022450A2570074060B /* Game.swift */ = {isa = PBXFileReference; lastKnownFileType = sourcecode.swift; path = Game.swift; sourceTree = "<group>"; };
		55CD37052450A7F40074060B /* gameData.json */ = {isa = PBXFileReference; lastKnownFileType = text.json; path = gameData.json; sourceTree = "<group>"; };
		55CD37072450A87F0074060B /* GameRow.swift */ = {isa = PBXFileReference; lastKnownFileType = sourcecode.swift; path = GameRow.swift; sourceTree = "<group>"; };
		55CD37092450AC460074060B /* Data.swift */ = {isa = PBXFileReference; lastKnownFileType = sourcecode.swift; path = Data.swift; sourceTree = "<group>"; };
		55CD370B2450AF3D0074060B /* GameList.swift */ = {isa = PBXFileReference; lastKnownFileType = sourcecode.swift; path = GameList.swift; sourceTree = "<group>"; };
		55CD370D2450B81F0074060B /* Profile.swift */ = {isa = PBXFileReference; lastKnownFileType = sourcecode.swift; path = Profile.swift; sourceTree = "<group>"; };
/* End PBXFileReference section */

/* Begin PBXFrameworksBuildPhase section */
		55CD36DD2450947F0074060B /* Frameworks */ = {
			isa = PBXFrameworksBuildPhase;
			buildActionMask = 2147483647;
			files = (
				55CD36F924509A430074060B /* URLImage in Frameworks */,
			);
			runOnlyForDeploymentPostprocessing = 0;
		};
/* End PBXFrameworksBuildPhase section */

/* Begin PBXGroup section */
		55CD36D72450947F0074060B = {
			isa = PBXGroup;
			children = (
				55CD36E22450947F0074060B /* MyGames */,
				55CD36E12450947F0074060B /* Products */,
			);
			sourceTree = "<group>";
		};
		55CD36E12450947F0074060B /* Products */ = {
			isa = PBXGroup;
			children = (
				55CD36E02450947F0074060B /* MyGames.app */,
			);
			name = Products;
			sourceTree = "<group>";
		};
		55CD36E22450947F0074060B /* MyGames */ = {
			isa = PBXGroup;
			children = (
				55CD36FA2450A0BB0074060B /* Base */,
				55CD36FB2450A0CA0074060B /* Model */,
				55CD36FC2450A0E30074060B /* Controller */,
				55CD36FD2450A1060074060B /* View */,
				55CD37042450A7AB0074060B /* Resources */,
				55CD36E9245094830074060B /* Assets.xcassets */,
				55CD36EE245094830074060B /* LaunchScreen.storyboard */,
				55CD36F1245094830074060B /* Info.plist */,
				55CD36EB245094830074060B /* Preview Content */,
			);
			path = MyGames;
			sourceTree = "<group>";
		};
		55CD36EB245094830074060B /* Preview Content */ = {
			isa = PBXGroup;
			children = (
				55CD36EC245094830074060B /* Preview Assets.xcassets */,
			);
			path = "Preview Content";
			sourceTree = "<group>";
		};
		55CD36FA2450A0BB0074060B /* Base */ = {
			isa = PBXGroup;
			children = (
				55CD36E32450947F0074060B /* AppDelegate.swift */,
				55CD36E52450947F0074060B /* SceneDelegate.swift */,
			);
			path = Base;
			sourceTree = "<group>";
		};
		55CD36FB2450A0CA0074060B /* Model */ = {
			isa = PBXGroup;
			children = (
				55CD37022450A2570074060B /* Game.swift */,
				55CD37092450AC460074060B /* Data.swift */,
			);
			path = Model;
			sourceTree = "<group>";
		};
		55CD36FC2450A0E30074060B /* Controller */ = {
			isa = PBXGroup;
			children = (
			);
			path = Controller;
			sourceTree = "<group>";
		};
		55CD36FD2450A1060074060B /* View */ = {
			isa = PBXGroup;
			children = (
				55CD36E72450947F0074060B /* GameDetail.swift */,
				55CD37072450A87F0074060B /* GameRow.swift */,
				55CD370B2450AF3D0074060B /* GameList.swift */,
				55CD370D2450B81F0074060B /* Profile.swift */,
			);
			path = View;
			sourceTree = "<group>";
		};
		55CD37042450A7AB0074060B /* Resources */ = {
			isa = PBXGroup;
			children = (
				55CD37052450A7F40074060B /* gameData.json */,
			);
			path = Resources;
			sourceTree = "<group>";
		};
/* End PBXGroup section */

/* Begin PBXNativeTarget section */
		55CD36DF2450947F0074060B /* MyGames */ = {
			isa = PBXNativeTarget;
			buildConfigurationList = 55CD36F4245094830074060B /* Build configuration list for PBXNativeTarget "MyGames" */;
			buildPhases = (
				55CD36DC2450947F0074060B /* Sources */,
				55CD36DD2450947F0074060B /* Frameworks */,
				55CD36DE2450947F0074060B /* Resources */,
			);
			buildRules = (
			);
			dependencies = (
			);
			name = MyGames;
			packageProductDependencies = (
				55CD36F824509A430074060B /* URLImage */,
			);
			productName = MyGames;
			productReference = 55CD36E02450947F0074060B /* MyGames.app */;
			productType = "com.apple.product-type.application";
		};
/* End PBXNativeTarget section */

/* Begin PBXProject section */
		55CD36D82450947F0074060B /* Project object */ = {
			isa = PBXProject;
			attributes = {
				LastSwiftUpdateCheck = 1140;
				LastUpgradeCheck = 1140;
				ORGANIZATIONNAME = "William Sutanto";
				TargetAttributes = {
					55CD36DF2450947F0074060B = {
						CreatedOnToolsVersion = 11.4.1;
					};
				};
			};
			buildConfigurationList = 55CD36DB2450947F0074060B /* Build configuration list for PBXProject "MyGames" */;
			compatibilityVersion = "Xcode 9.3";
			developmentRegion = en;
			hasScannedForEncodings = 0;
			knownRegions = (
				en,
				Base,
			);
			mainGroup = 55CD36D72450947F0074060B;
			packageReferences = (
				55CD36F724509A430074060B /* XCRemoteSwiftPackageReference "url-image" */,
			);
			productRefGroup = 55CD36E12450947F0074060B /* Products */;
			projectDirPath = "";
			projectRoot = "";
			targets = (
				55CD36DF2450947F0074060B /* MyGames */,
			);
		};
/* End PBXProject section */

/* Begin PBXResourcesBuildPhase section */
		55CD36DE2450947F0074060B /* Resources */ = {
			isa = PBXResourcesBuildPhase;
			buildActionMask = 2147483647;
			files = (
				55CD36F0245094830074060B /* LaunchScreen.storyboard in Resources */,
				55CD37062450A7F40074060B /* gameData.json in Resources */,
				55CD36ED245094830074060B /* Preview Assets.xcassets in Resources */,
				55CD36EA245094830074060B /* Assets.xcassets in Resources */,
			);
			runOnlyForDeploymentPostprocessing = 0;
		};
/* End PBXResourcesBuildPhase section */

/* Begin PBXSourcesBuildPhase section */
		55CD36DC2450947F0074060B /* Sources */ = {
			isa = PBXSourcesBuildPhase;
			buildActionMask = 2147483647;
			files = (
				55CD36E42450947F0074060B /* AppDelegate.swift in Sources */,
				55CD370E2450B81F0074060B /* Profile.swift in Sources */,
				55CD370A2450AC460074060B /* Data.swift in Sources */,
				55CD36E62450947F0074060B /* SceneDelegate.swift in Sources */,
				55CD37082450A87F0074060B /* GameRow.swift in Sources */,
				55CD36E82450947F0074060B /* GameDetail.swift in Sources */,
				55CD370C2450AF3D0074060B /* GameList.swift in Sources */,
				55CD37032450A2570074060B /* Game.swift in Sources */,
			);
			runOnlyForDeploymentPostprocessing = 0;
		};
/* End PBXSourcesBuildPhase section */

/* Begin PBXVariantGroup section */
		55CD36EE245094830074060B /* LaunchScreen.storyboard */ = {
			isa = PBXVariantGroup;
			children = (
				55CD36EF245094830074060B /* Base */,
			);
			name = LaunchScreen.storyboard;
			sourceTree = "<group>";
		};
/* End PBXVariantGroup section */

/* Begin XCBuildConfiguration section */
		55CD36F2245094830074060B /* Debug */ = {
			isa = XCBuildConfiguration;
			buildSettings = {
				ALWAYS_SEARCH_USER_PATHS = NO;
				CLANG_ANALYZER_NONNULL = YES;
				CLANG_ANALYZER_NUMBER_OBJECT_CONVERSION = YES_AGGRESSIVE;
				CLANG_CXX_LANGUAGE_STANDARD = "gnu++14";
				CLANG_CXX_LIBRARY = "libc++";
				CLANG_ENABLE_MODULES = YES;
				CLANG_ENABLE_OBJC_ARC = YES;
				CLANG_ENABLE_OBJC_WEAK = YES;
				CLANG_WARN_BLOCK_CAPTURE_AUTORELEASING = YES;
				CLANG_WARN_BOOL_CONVERSION = YES;
				CLANG_WARN_COMMA = YES;
				CLANG_WARN_CONSTANT_CONVERSION = YES;
				CLANG_WARN_DEPRECATED_OBJC_IMPLEMENTATIONS = YES;
				CLANG_WARN_DIRECT_OBJC_ISA_USAGE = YES_ERROR;
				CLANG_WARN_DOCUMENTATION_COMMENTS = YES;
				CLANG_WARN_EMPTY_BODY = YES;
				CLANG_WARN_ENUM_CONVERSION = YES;
				CLANG_WARN_INFINITE_RECURSION = YES;
				CLANG_WARN_INT_CONVERSION = YES;
				CLANG_WARN_NON_LITERAL_NULL_CONVERSION = YES;
				CLANG_WARN_OBJC_IMPLICIT_RETAIN_SELF = YES;
				CLANG_WARN_OBJC_LITERAL_CONVERSION = YES;
				CLANG_WARN_OBJC_ROOT_CLASS = YES_ERROR;
				CLANG_WARN_RANGE_LOOP_ANALYSIS = YES;
				CLANG_WARN_STRICT_PROTOTYPES = YES;
				CLANG_WARN_SUSPICIOUS_MOVE = YES;
				CLANG_WARN_UNGUARDED_AVAILABILITY = YES_AGGRESSIVE;
				CLANG_WARN_UNREACHABLE_CODE = YES;
				CLANG_WARN__DUPLICATE_METHOD_MATCH = YES;
				COPY_PHASE_STRIP = NO;
				DEBUG_INFORMATION_FORMAT = dwarf;
				ENABLE_STRICT_OBJC_MSGSEND = YES;
				ENABLE_TESTABILITY = YES;
				GCC_C_LANGUAGE_STANDARD = gnu11;
				GCC_DYNAMIC_NO_PIC = NO;
				GCC_NO_COMMON_BLOCKS = YES;
				GCC_OPTIMIZATION_LEVEL = 0;
				GCC_PREPROCESSOR_DEFINITIONS = (
					"DEBUG=1",
					"$(inherited)",
				);
				GCC_WARN_64_TO_32_BIT_CONVERSION = YES;
				GCC_WARN_ABOUT_RETURN_TYPE = YES_ERROR;
				GCC_WARN_UNDECLARED_SELECTOR = YES;
				GCC_WARN_UNINITIALIZED_AUTOS = YES_AGGRESSIVE;
				GCC_WARN_UNUSED_FUNCTION = YES;
				GCC_WARN_UNUSED_VARIABLE = YES;
				IPHONEOS_DEPLOYMENT_TARGET = 13.4;
				MTL_ENABLE_DEBUG_INFO = INCLUDE_SOURCE;
				MTL_FAST_MATH = YES;
				ONLY_ACTIVE_ARCH = YES;
				SDKROOT = iphoneos;
				SWIFT_ACTIVE_COMPILATION_CONDITIONS = DEBUG;
				SWIFT_OPTIMIZATION_LEVEL = "-Onone";
			};
			name = Debug;
		};
		55CD36F3245094830074060B /* Release */ = {
			isa = XCBuildConfiguration;
			buildSettings = {
				ALWAYS_SEARCH_USER_PATHS = NO;
				CLANG_ANALYZER_NONNULL = YES;
				CLANG_ANALYZER_NUMBER_OBJECT_CONVERSION = YES_AGGRESSIVE;
				CLANG_CXX_LANGUAGE_STANDARD = "gnu++14";
				CLANG_CXX_LIBRARY = "libc++";
				CLANG_ENABLE_MODULES = YES;
				CLANG_ENABLE_OBJC_ARC = YES;
				CLANG_ENABLE_OBJC_WEAK = YES;
				CLANG_WARN_BLOCK_CAPTURE_AUTORELEASING = YES;
				CLANG_WARN_BOOL_CONVERSION = YES;
				CLANG_WARN_COMMA = YES;
				CLANG_WARN_CONSTANT_CONVERSION = YES;
				CLANG_WARN_DEPRECATED_OBJC_IMPLEMENTATIONS = YES;
				CLANG_WARN_DIRECT_OBJC_ISA_USAGE = YES_ERROR;
				CLANG_WARN_DOCUMENTATION_COMMENTS = YES;
				CLANG_WARN_EMPTY_BODY = YES;
				CLANG_WARN_ENUM_CONVERSION = YES;
				CLANG_WARN_INFINITE_RECURSION = YES;
				CLANG_WARN_INT_CONVERSION = YES;
				CLANG_WARN_NON_LITERAL_NULL_CONVERSION = YES;
				CLANG_WARN_OBJC_IMPLICIT_RETAIN_SELF = YES;
				CLANG_WARN_OBJC_LITERAL_CONVERSION = YES;
				CLANG_WARN_OBJC_ROOT_CLASS = YES_ERROR;
				CLANG_WARN_RANGE_LOOP_ANALYSIS = YES;
				CLANG_WARN_STRICT_PROTOTYPES = YES;
				CLANG_WARN_SUSPICIOUS_MOVE = YES;
				CLANG_WARN_UNGUARDED_AVAILABILITY = YES_AGGRESSIVE;
				CLANG_WARN_UNREACHABLE_CODE = YES;
				CLANG_WARN__DUPLICATE_METHOD_MATCH = YES;
				COPY_PHASE_STRIP = NO;
				DEBUG_INFORMATION_FORMAT = "dwarf-with-dsym";
				ENABLE_NS_ASSERTIONS = NO;
				ENABLE_STRICT_OBJC_MSGSEND = YES;
				GCC_C_LANGUAGE_STANDARD = gnu11;
				GCC_NO_COMMON_BLOCKS = YES;
				GCC_WARN_64_TO_32_BIT_CONVERSION = YES;
				GCC_WARN_ABOUT_RETURN_TYPE = YES_ERROR;
				GCC_WARN_UNDECLARED_SELECTOR = YES;
				GCC_WARN_UNINITIALIZED_AUTOS = YES_AGGRESSIVE;
				GCC_WARN_UNUSED_FUNCTION = YES;
				GCC_WARN_UNUSED_VARIABLE = YES;
				IPHONEOS_DEPLOYMENT_TARGET = 13.4;
				MTL_ENABLE_DEBUG_INFO = NO;
				MTL_FAST_MATH = YES;
				SDKROOT = iphoneos;
				SWIFT_COMPILATION_MODE = wholemodule;
				SWIFT_OPTIMIZATION_LEVEL = "-O";
				VALIDATE_PRODUCT = YES;
			};
			name = Release;
		};
		55CD36F5245094830074060B /* Debug */ = {
			isa = XCBuildConfiguration;
			buildSettings = {
				ASSETCATALOG_COMPILER_APPICON_NAME = AppIcon;
				CODE_SIGN_STYLE = Automatic;
				DEVELOPMENT_ASSET_PATHS = "\"MyGames/Preview Content\"";
				ENABLE_PREVIEWS = YES;
				INFOPLIST_FILE = MyGames/Info.plist;
				LD_RUNPATH_SEARCH_PATHS = (
					"$(inherited)",
					"@executable_path/Frameworks",
				);
				PRODUCT_BUNDLE_IDENTIFIER = com.wilsut.MyGames;
				PRODUCT_NAME = "$(TARGET_NAME)";
				SWIFT_VERSION = 5.0;
				TARGETED_DEVICE_FAMILY = "1,2";
			};
			name = Debug;
		};
		55CD36F6245094830074060B /* Release */ = {
			isa = XCBuildConfiguration;
			buildSettings = {
				ASSETCATALOG_COMPILER_APPICON_NAME = AppIcon;
				CODE_SIGN_STYLE = Automatic;
				DEVELOPMENT_ASSET_PATHS = "\"MyGames/Preview Content\"";
				ENABLE_PREVIEWS = YES;
				INFOPLIST_FILE = MyGames/Info.plist;
				LD_RUNPATH_SEARCH_PATHS = (
					"$(inherited)",
					"@executable_path/Frameworks",
				);
				PRODUCT_BUNDLE_IDENTIFIER = com.wilsut.MyGames;
				PRODUCT_NAME = "$(TARGET_NAME)";
				SWIFT_VERSION = 5.0;
				TARGETED_DEVICE_FAMILY = "1,2";
			};
			name = Release;
		};
/* End XCBuildConfiguration section */

/* Begin XCConfigurationList section */
		55CD36DB2450947F0074060B /* Build configuration list for PBXProject "MyGames" */ = {
			isa = XCConfigurationList;
			buildConfigurations = (
				55CD36F2245094830074060B /* Debug */,
				55CD36F3245094830074060B /* Release */,
			);
			defaultConfigurationIsVisible = 0;
			defaultConfigurationName = Release;
		};
		55CD36F4245094830074060B /* Build configuration list for PBXNativeTarget "MyGames" */ = {
			isa = XCConfigurationList;
			buildConfigurations = (
				55CD36F5245094830074060B /* Debug */,
				55CD36F6245094830074060B /* Release */,
			);
			defaultConfigurationIsVisible = 0;
			defaultConfigurationName = Release;
		};
/* End XCConfigurationList section */

/* Begin XCRemoteSwiftPackageReference section */
		55CD36F724509A430074060B /* XCRemoteSwiftPackageReference "url-image" */ = {
			isa = XCRemoteSwiftPackageReference;
			repositoryURL = "https://github.com/dmytro-anokhin/url-image.git";
			requirement = {
				kind = upToNextMajorVersion;
				minimumVersion = 0.9.15;
			};
		};
/* End XCRemoteSwiftPackageReference section */

/* Begin XCSwiftPackageProductDependency section */
		55CD36F824509A430074060B /* URLImage */ = {
			isa = XCSwiftPackageProductDependency;
			package = 55CD36F724509A430074060B /* XCRemoteSwiftPackageReference "url-image" */;
			productName = URLImage;
		};
/* End XCSwiftPackageProductDependency section */
	};
	rootObject = 55CD36D82450947F0074060B /* Project object */;
}
